<?xml version="1.0" encoding="utf-8"?>
<Project ToolsVersion="4.0" xmlns="http://schemas.microsoft.com/developer/msbuild/2003">
  <ItemGroup>
    <Filter Include="Source Files">
      <UniqueIdentifier>{a84baac6-d411-4202-ac1c-b1be431fa955}</UniqueIdentifier>
      <Extensions>cpp;c;cxx;rc;def;r;odl;idl;hpj;bat</Extensions>
    </Filter>
    <Filter Include="Header Files">
      <UniqueIdentifier>{8364d7ef-ee6e-4d2e-8f3d-07feb8fdd92f}</UniqueIdentifier>
      <Extensions>h;hpp;hxx;hm;inl</Extensions>
    </Filter>
    <Filter Include="Resource Files">
      <UniqueIdentifier>{f5c10244-2e71-4a00-a733-2c30f2ba38b4}</UniqueIdentifier>
      <Extensions>ico;cur;bmp;dlg;rc2;rct;bin;rgs;gif;jpg;jpeg;jpe</Extensions>
    </Filter>
  </ItemGroup>
  <ItemGroup>
    <ClCompile Include="client02.cpp">
      <Filter>Source Files</Filter>
    </ClCompile>
    <ClCompile Include="client02Dlg.cpp">
      <Filter>Source Files</Filter>
    </ClCompile>
    <ClCompile Include="DLG_ERP_MESSAGE.cpp">
      <Filter>Source Files</Filter>
    </ClCompile>
    <ClCompile Include="DLG_ERP_NEW_PROJECT.cpp">
      <Filter>Source Files</Filter>
    </ClCompile>
    <ClCompile Include="DLG_ERP_PROJECT.cpp">
      <Filter>Source Files</Filter>
    </ClCompile>
    <ClCompile Include="DLG_ERP_SCHEDULE.cpp">
      <Filter>Source Files</Filter>
    </ClCompile>
    <ClCompile Include="DLG_ERP_WORK.cpp">
      <Filter>Source Files</Filter>
    </ClCompile>
    <ClCompile Include="INI.cpp">
      <Filter>Source Files</Filter>
    </ClCompile>
    <ClCompile Include="MyHyperLink.cpp">
      <Filter>Source Files</Filter>
    </ClCompile>
    <ClCompile Include="NormalSMS.cpp">
      <Filter>Source Files</Filter>
    </ClCompile>
    <ClCompile Include="Registry.cpp">
      <Filter>Source Files</Filter>
    </ClCompile>
    <ClCompile Include="SetDlg.cpp">
      <Filter>Source Files</Filter>
    </ClCompile>
    <ClCompile Include="SplitDlg.cpp">
      <Filter>Source Files</Filter>
    </ClCompile>
    <ClCompile Include="StdAfx.cpp">
      <Filter>Source Files</Filter>
    </ClCompile>
    <ClCompile Include="SystemTray.cpp">
      <Filter>Source Files</Filter>
    </ClCompile>
    <ClCompile Include="ToolBarExCtrl.cpp">
      <Filter>Source Files</Filter>
    </ClCompile>
    <ClCompile Include="ViewHistoryDlg.cpp">
      <Filter>Source Files</Filter>
    </ClCompile>
    <ClCompile Include="XChatDlg.cpp">
      <Filter>Source Files</Filter>
    </ClCompile>
    <ClCompile Include="xfun.cpp">
      <Filter>Source Files</Filter>
    </ClCompile>
    <ClCompile Include="XLoginDlg.cpp">
      <Filter>Source Files</Filter>
    </ClCompile>
    <ClCompile Include="..\XMSG\XMSG.cpp">
      <Filter>Source Files</Filter>
    </ClCompile>
    <ClCompile Include="XPluginBar.cpp">
      <Filter>Source Files</Filter>
    </ClCompile>
    <ClCompile Include="XSMSDlg.cpp">
      <Filter>Source Files</Filter>
    </ClCompile>
    <ClCompile Include="XTreeCtrl.cpp">
      <Filter>Source Files</Filter>
    </ClCompile>
    <ClCompile Include="..\XMSG\xtype.cpp">
      <Filter>Source Files</Filter>
    </ClCompile>
  </ItemGroup>
  <ItemGroup>
    <ResourceCompile Include="client02.rc">
      <Filter>Source Files</Filter>
    </ResourceCompile>
  </ItemGroup>
  <ItemGroup>
    <ClInclude Include="client02.h">
      <Filter>Header Files</Filter>
    </ClInclude>
    <ClInclude Include="client02Dlg.h">
      <Filter>Header Files</Filter>
    </ClInclude>
    <ClInclude Include="DLG_ERP_MESSAGE.h">
      <Filter>Header Files</Filter>
    </ClInclude>
    <ClInclude Include="DLG_ERP_NEW_PROJECT.h">
      <Filter>Header Files</Filter>
    </ClInclude>
    <ClInclude Include="DLG_ERP_PROJECT.h">
      <Filter>Header Files</Filter>
    </ClInclude>
    <ClInclude Include="DLG_ERP_SCHEDULE.h">
      <Filter>Header Files</Filter>
    </ClInclude>
    <ClInclude Include="DLG_ERP_WORK.h">
      <Filter>Header Files</Filter>
    </ClInclude>
    <ClInclude Include="INI.h">
      <Filter>Header Files</Filter>
    </ClInclude>
    <ClInclude Include="MyHyperLink.h">
      <Filter>Header Files</Filter>
    </ClInclude>
    <ClInclude Include="NormalSMS.h">
      <Filter>Header Files</Filter>
    </ClInclude>
    <ClInclude Include="RegEntry.h">
      <Filter>Header Files</Filter>
    </ClInclude>
    <ClInclude Include="Registry.h">
      <Filter>Header Files</Filter>
    </ClInclude>
    <ClInclude Include="Resource.h">
      <Filter>Header Files</Filter>
    </ClInclude>
    <ClInclude Include="SetDlg.h">
      <Filter>Header Files</Filter>
    </ClInclude>
    <ClInclude Include="SplitDlg.h">
      <Filter>Header Files</Filter>
    </ClInclude>
    <ClInclude Include="StdAfx.h">
      <Filter>Header Files</Filter>
    </ClInclude>
    <ClInclude Include="SystemTray.h">
      <Filter>Header Files</Filter>
    </ClInclude>
    <ClInclude Include="ToolBarExCtrl.h">
      <Filter>Header Files</Filter>
    </ClInclude>
    <ClInclude Include="ViewHistoryDlg.h">
      <Filter>Header Files</Filter>
    </ClInclude>
    <ClInclude Include="XChatDlg.h">
      <Filter>Header Files</Filter>
    </ClInclude>
    <ClInclude Include="xclientdef.h">
      <Filter>Header Files</Filter>
    </ClInclude>
    <ClInclude Include="..\XMSG\xdef.h">
      <Filter>Header Files</Filter>
    </ClInclude>
    <ClInclude Include="xdlldef.h">
      <Filter>Header Files</Filter>
    </ClInclude>
    <ClInclude Include="xfun.h">
      <Filter>Header Files</Filter>
    </ClInclude>
    <ClInclude Include="XLoginDlg.h">
      <Filter>Header Files</Filter>
    </ClInclude>
    <ClInclude Include="XPluginBar.h">
      <Filter>Header Files</Filter>
    </ClInclude>
    <ClInclude Include="XSMSDlg.h">
      <Filter>Header Files</Filter>
    </ClInclude>
    <ClInclude Include="XTreeCtrl.h">
      <Filter>Header Files</Filter>
    </ClInclude>
    <ClInclude Include="..\XMSG\xtype.h">
      <Filter>Header Files</Filter>
    </ClInclude>
  </ItemGroup>
  <ItemGroup>
    <CustomBuild Include="res\chat.ico">
      <Filter>Resource Files</Filter>
    </CustomBuild>
    <CustomBuild Include="res\client02.ico">
      <Filter>Resource Files</Filter>
    </CustomBuild>
    <CustomBuild Include="res\client02.rc2">
      <Filter>Resource Files</Filter>
    </CustomBuild>
    <CustomBuild Include="res\clock.bmp">
      <Filter>Resource Files</Filter>
    </CustomBuild>
    <CustomBuild Include="res\default1.bin">
      <Filter>Resource Files</Filter>
    </CustomBuild>
    <CustomBuild Include="res\localuser.bmp">
      <Filter>Resource Files</Filter>
    </CustomBuild>
    <CustomBuild Include="res\logo01.bmp">
      <Filter>Resource Files</Filter>
    </CustomBuild>
    <CustomBuild Include="res\MAINFRAME_CONTACT.bmp">
      <Filter>Resource Files</Filter>
    </CustomBuild>
    <CustomBuild Include="res\MAINFRAME_LINE.bmp">
      <Filter>Resource Files</Filter>
    </CustomBuild>
    <CustomBuild Include="res\MAINFRAME_LINE_2.bmp">
      <Filter>Resource Files</Filter>
    </CustomBuild>
    <CustomBuild Include="res\MAINFRAME_USER.bmp">
      <Filter>Resource Files</Filter>
    </CustomBuild>
    <CustomBuild Include="res\user.ico">
      <Filter>Resource Files</Filter>
    </CustomBuild>
    <CustomBuild Include="res\usericon.bmp">
      <Filter>Resource Files</Filter>
    </CustomBuild>
    <CustomBuild Include="ReadMe.txt" />
  </ItemGroup>
</Project>